
Microsoft Visual Studio Solution File, Format Version 12.00
# Visual Studio Version 17
VisualStudioVersion = 17.8.34309.116
MinimumVisualStudioVersion = 10.0.40219.1
Project("{9A19103F-16F7-4668-BE54-9A1E7A4F7556}") = "Program", "Program.csproj", "{7FB9EDFF-6515-4DF3-8C10-461513F47C45}"
EndProject
Project("{9A19103F-16F7-4668-BE54-9A1E7A4F7556}") = "Class1st(Variable)", "..\Class1st(Variable)\Class1st(Variable).csproj", "{E7A5D86F-C50B-4123-9C18-05439B70EFA7}"
EndProject
Project("{9A19103F-16F7-4668-BE54-9A1E7A4F7556}") = "Class2th(Bit)", "..\Class2th(Bit)\Class2th(Bit).csproj", "{6CE092DD-3A00-4B1F-9654-5D84666269AB}"
EndProject
Project("{9A19103F-16F7-4668-BE54-9A1E7A4F7556}") = "Class3th (Conditional Statement)", "..\Class3th (Conditional Statement)\Class3th (Conditional Statement).csproj", "{AAF00BAB-F85E-4FC9-A9E9-01AD3443BAB7}"
EndProject
Project("{FAE04EC0-301F-11D3-BF4B-00C04F79EFBC}") = "Class4th (Iternation Statement)", "..\Class4th (Iternation Statement)\Class4th (Iternation Statement).csproj", "{307BA3C3-4F6F-4ED3-94C4-96671B944C59}"
EndProject
Global
	GlobalSection(SolutionConfigurationPlatforms) = preSolution
		Debug|Any CPU = Debug|Any CPU
		Release|Any CPU = Release|Any CPU
	EndGlobalSection
	GlobalSection(ProjectConfigurationPlatforms) = postSolution
		{7FB9EDFF-6515-4DF3-8C10-461513F47C45}.Debug|Any CPU.ActiveCfg = Debug|Any CPU
		{7FB9EDFF-6515-4DF3-8C10-461513F47C45}.Debug|Any CPU.Build.0 = Debug|Any CPU
		{7FB9EDFF-6515-4DF3-8C10-461513F47C45}.Release|Any CPU.ActiveCfg = Release|Any CPU
		{7FB9EDFF-6515-4DF3-8C10-461513F47C45}.Release|Any CPU.Build.0 = Release|Any CPU
		{E7A5D86F-C50B-4123-9C18-05439B70EFA7}.Debug|Any CPU.ActiveCfg = Debug|Any CPU
		{E7A5D86F-C50B-4123-9C18-05439B70EFA7}.Debug|Any CPU.Build.0 = Debug|Any CPU
		{E7A5D86F-C50B-4123-9C18-05439B70EFA7}.Release|Any CPU.ActiveCfg = Release|Any CPU
		{E7A5D86F-C50B-4123-9C18-05439B70EFA7}.Release|Any CPU.Build.0 = Release|Any CPU
		{6CE092DD-3A00-4B1F-9654-5D84666269AB}.Debug|Any CPU.ActiveCfg = Debug|Any CPU
		{6CE092DD-3A00-4B1F-9654-5D84666269AB}.Debug|Any CPU.Build.0 = Debug|Any CPU
		{6CE092DD-3A00-4B1F-9654-5D84666269AB}.Release|Any CPU.ActiveCfg = Release|Any CPU
		{6CE092DD-3A00-4B1F-9654-5D84666269AB}.Release|Any CPU.Build.0 = Release|Any CPU
		{AAF00BAB-F85E-4FC9-A9E9-01AD3443BAB7}.Debug|Any CPU.ActiveCfg = Debug|Any CPU
		{AAF00BAB-F85E-4FC9-A9E9-01AD3443BAB7}.Debug|Any CPU.Build.0 = Debug|Any CPU
		{AAF00BAB-F85E-4FC9-A9E9-01AD3443BAB7}.Release|Any CPU.ActiveCfg = Release|Any CPU
		{AAF00BAB-F85E-4FC9-A9E9-01AD3443BAB7}.Release|Any CPU.Build.0 = Release|Any CPU
		{307BA3C3-4F6F-4ED3-94C4-96671B944C59}.Debug|Any CPU.ActiveCfg = Debug|Any CPU
		{307BA3C3-4F6F-4ED3-94C4-96671B944C59}.Debug|Any CPU.Build.0 = Debug|Any CPU
		{307BA3C3-4F6F-4ED3-94C4-96671B944C59}.Release|Any CPU.ActiveCfg = Release|Any CPU
		{307BA3C3-4F6F-4ED3-94C4-96671B944C59}.Release|Any CPU.Build.0 = Release|Any CPU
	EndGlobalSection
	GlobalSection(SolutionProperties) = preSolution
		HideSolutionNode = FALSE
	EndGlobalSection
	GlobalSection(ExtensibilityGlobals) = postSolution
		SolutionGuid = {C6EEB49B-2EF9-45B5-B6E6-C1844CB5FF09}
	EndGlobalSection
EndGlobal
